{
  "name": "SmartCampusPortal",
  "lockfileVersion": 3,
  "requires": true,
  "packages": {
    "": {
      "dependencies": {
        "redis-server": "^1.2.2"
      }
    },
    "node_modules/promise-queue": {
      "version": "2.2.5",
      "resolved": "https://registry.npmmirror.com/promise-queue/-/promise-queue-2.2.5.tgz",
      "integrity": "sha512-p/iXrPSVfnqPft24ZdNNLECw/UrtLTpT3jpAAMzl/o5/rDsGCPo3/CQS2611flL6LkoEJ3oQZw7C8Q80ZISXRQ==",
      "license": "MIT",
      "engines": {
        "node": ">= 0.8.0"
      }
    },
    "node_modules/redis-server": {
      "version": "1.2.2",
      "resolved": "https://registry.npmmirror.com/redis-server/-/redis-server-1.2.2.tgz",
      "integrity": "sha512-pOaSIeSMVFkEFIuaMtpQ3TOr3uI4sUmEHm4ofGks5vTPRseHUszxyIlC70IFjUR9qSeH8o/ARZEM8dqcJmgGJw==",
      "license": "MIT",
      "dependencies": {
        "promise-queue": "^2.2.5"
      },
      "engines": {
        "node": ">=4.0.0"
      }
    }
  }
}
